PODS:
  - Cucumberish (1.3.0)
  - Nimble (9.2.1)
  - Quick (4.0.0)
  - SnapKit (5.0.1)

DEPENDENCIES:
  - Cucumberish
  - Nimble
  - Quick
  - SnapKit

SPEC REPOS:
  trunk:
    - Cucumberish
    - Nimble
    - Quick
    - SnapKit

SPEC CHECKSUMS:
  Cucumberish: 76f542be7b62b1a01ebc6f968be3e002f9403931
  Nimble: e7e615c0335ee4bf5b0d786685451e62746117d5
  Quick: 6473349e43b9271a8d43839d9ba1c442ed1b7ac4
  SnapKit: 97b92857e3df3a0c71833cce143274bf6ef8e5eb

PODFILE CHECKSUM: 49e4721d735a233cc5163ae5c604b32e3cf3cb77

COCOAPODS: 1.11.2
